# This file is autogenerated, do not edit; changes may be undone by the next 'dep ensure'.


[[projects]]
  branch = "go1"
  name = "github.com/rwcarlsen/goexif"
  packages = [
    "exif",
    "tiff"
  ]
  revision = "fb35d3c3290d09f3524b684b5d42d0063c227158"

[solve-meta]
  analyzer-name = "dep"
  analyzer-version = 1
  inputs-digest = "89fa32020e5ee3fb1291abbaf35c7c6c2238cb1d3b46bb0edb6f2285237c9549"
  solver-name = "gps-cdcl"
  solver-version = 1
